PODS:
  - Flutter (1.0.0)
  - flutter_ble_peripheral (0.0.3):
    - Flutter
  - flutter_blue_plus_darwin (0.0.2):
    - Flutter
    - FlutterMacOS
  - wifi_scan (0.0.1):
    - Flutter

DEPENDENCIES:
  - Flutter (from `Flutter`)
  - flutter_ble_peripheral (from `.symlinks/plugins/flutter_ble_peripheral/ios`)
  - flutter_blue_plus_darwin (from `.symlinks/plugins/flutter_blue_plus_darwin/darwin`)
  - wifi_scan (from `.symlinks/plugins/wifi_scan/ios`)

EXTERNAL SOURCES:
  Flutter:
    :path: Flutter
  flutter_ble_peripheral:
    :path: ".symlinks/plugins/flutter_ble_peripheral/ios"
  flutter_blue_plus_darwin:
    :path: ".symlinks/plugins/flutter_blue_plus_darwin/darwin"
  wifi_scan:
    :path: ".symlinks/plugins/wifi_scan/ios"

SPEC CHECKSUMS:
  Flutter: e0871f40cf51350855a761d2e70bf5af5b9b5de7
  flutter_ble_peripheral: 6241cd70cab105c88472f4260976ee7292523909
  flutter_blue_plus_darwin: 20a08bfeaa0f7804d524858d3d8744bcc1b6dbc3
  wifi_scan: 3254c160abc7266feac359a927f8ab64f2703774

PODFILE CHECKSUM: 4305caec6b40dde0ae97be1573c53de1882a07e5

COCOAPODS: 1.16.2
